// !$*UTF8*$!
{
	archiveVersion = 1;
	classes = {
	};
	objectVersion = 48;
	objects = {

/* Begin PBXBuildFile section */
		2709873820DA3A5700AB47D6 /* HomeViewController.swift in Sources */ = {isa = PBXBuildFile; fileRef = 2709873720DA3A5700AB47D6 /* HomeViewController.swift */; };
		2709874420DA5F8000AB47D6 /* HomeGenreCell.swift in Sources */ = {isa = PBXBuildFile; fileRef = 2709874220DA5F8000AB47D6 /* HomeGenreCell.swift */; };
		2709874520DA5F8000AB47D6 /* HomeGenreCell.xib in Resources */ = {isa = PBXBuildFile; fileRef = 2709874320DA5F8000AB47D6 /* HomeGenreCell.xib */; };
		2709874820DA5FBE00AB47D6 /* HomeSongCell.swift in Sources */ = {isa = PBXBuildFile; fileRef = 2709874620DA5FBE00AB47D6 /* HomeSongCell.swift */; };
		2709874920DA5FBE00AB47D6 /* HomeSongCell.xib in Resources */ = {isa = PBXBuildFile; fileRef = 2709874720DA5FBE00AB47D6 /* HomeSongCell.xib */; };
		271E3A8120E21FFE00831DF7 /* PlayerViewController.swift in Sources */ = {isa = PBXBuildFile; fileRef = 271E3A8020E21FFE00831DF7 /* PlayerViewController.swift */; };
		271E3A8420E227A900831DF7 /* PlayerTableViewCell.swift in Sources */ = {isa = PBXBuildFile; fileRef = 271E3A8220E227A900831DF7 /* PlayerTableViewCell.swift */; };
		271E3A8520E227A900831DF7 /* PlayerTableViewCell.xib in Resources */ = {isa = PBXBuildFile; fileRef = 271E3A8320E227A900831DF7 /* PlayerTableViewCell.xib */; };
		272BF69A20DC97140028AD29 /* TrackInfo.swift in Sources */ = {isa = PBXBuildFile; fileRef = 272BF69920DC97140028AD29 /* TrackInfo.swift */; };
		272BF69C20DCA7B80028AD29 /* BaseModel.swift in Sources */ = {isa = PBXBuildFile; fileRef = 272BF69B20DCA7B80028AD29 /* BaseModel.swift */; };
		272BF6AB20DCD46F0028AD29 /* BaseError.swift in Sources */ = {isa = PBXBuildFile; fileRef = 272BF6AA20DCD46F0028AD29 /* BaseError.swift */; };
		272BF6AD20DCD4EA0028AD29 /* ErrorRespone.swift in Sources */ = {isa = PBXBuildFile; fileRef = 272BF6AC20DCD4EA0028AD29 /* ErrorRespone.swift */; };
		272BF6AF20DCDA170028AD29 /* BaseResult.swift in Sources */ = {isa = PBXBuildFile; fileRef = 272BF6AE20DCDA170028AD29 /* BaseResult.swift */; };
		272BF6B120DCDA750028AD29 /* CustomRequestAdapter.swift in Sources */ = {isa = PBXBuildFile; fileRef = 272BF6B020DCDA750028AD29 /* CustomRequestAdapter.swift */; };
		272BF6B320DCDD1A0028AD29 /* BaseRequest.swift in Sources */ = {isa = PBXBuildFile; fileRef = 272BF6B220DCDD1A0028AD29 /* BaseRequest.swift */; };
		272BF6B520DCE0130028AD29 /* APIService.swift in Sources */ = {isa = PBXBuildFile; fileRef = 272BF6B420DCE0130028AD29 /* APIService.swift */; };
		272BF6B720DCECC30028AD29 /* URLs.swift in Sources */ = {isa = PBXBuildFile; fileRef = 272BF6B620DCECC30028AD29 /* URLs.swift */; };
		272BF6B920DCEE1C0028AD29 /* APIKey.swift in Sources */ = {isa = PBXBuildFile; fileRef = 272BF6B820DCEE1C0028AD29 /* APIKey.swift */; };
		272BF6BB20DCEF390028AD29 /* GenreRequest.swift in Sources */ = {isa = PBXBuildFile; fileRef = 272BF6BA20DCEF390028AD29 /* GenreRequest.swift */; };
		272BF6BD20DCF45E0028AD29 /* GenreRepository.swift in Sources */ = {isa = PBXBuildFile; fileRef = 272BF6BC20DCF45E0028AD29 /* GenreRepository.swift */; };
		275B718320DBA2CB00C1FE36 /* TrackModel.swift in Sources */ = {isa = PBXBuildFile; fileRef = 275B718220DBA2CB00C1FE36 /* TrackModel.swift */; };
		275B718520DBA2EF00C1FE36 /* GenreModel.swift in Sources */ = {isa = PBXBuildFile; fileRef = 275B718420DBA2EF00C1FE36 /* GenreModel.swift */; };
		276AC5B420E3207000431A23 /* RelatedTrackTableViewCell.swift in Sources */ = {isa = PBXBuildFile; fileRef = 276AC5B220E3207000431A23 /* RelatedTrackTableViewCell.swift */; };
		276AC5B520E3207000431A23 /* RelatedTrackTableViewCell.xib in Resources */ = {isa = PBXBuildFile; fileRef = 276AC5B320E3207000431A23 /* RelatedTrackTableViewCell.xib */; };
		276BCD4B20D9F21E007E3AD7 /* AppDelegate.swift in Sources */ = {isa = PBXBuildFile; fileRef = 276BCD4A20D9F21E007E3AD7 /* AppDelegate.swift */; };
		276BCD5020D9F21E007E3AD7 /* Main.storyboard in Resources */ = {isa = PBXBuildFile; fileRef = 276BCD4E20D9F21E007E3AD7 /* Main.storyboard */; };
		276BCD5220D9F21E007E3AD7 /* Assets.xcassets in Resources */ = {isa = PBXBuildFile; fileRef = 276BCD5120D9F21E007E3AD7 /* Assets.xcassets */; };
		276BCD5520D9F21E007E3AD7 /* LaunchScreen.storyboard in Resources */ = {isa = PBXBuildFile; fileRef = 276BCD5320D9F21E007E3AD7 /* LaunchScreen.storyboard */; };
		27BF0D5620E0CD62003AD92F /* Genre.swift in Sources */ = {isa = PBXBuildFile; fileRef = 27BF0D5520E0CD62003AD92F /* Genre.swift */; };
		27BF0D5920E1029A003AD92F /* UIViewController+.swift in Sources */ = {isa = PBXBuildFile; fileRef = 27BF0D5820E1029A003AD92F /* UIViewController+.swift */; };
		FFE6E990253A605D3267A911 /* Pods_SoundClound.framework in Frameworks */ = {isa = PBXBuildFile; fileRef = 9269992E2FCEC7B40C48FBEC /* Pods_SoundClound.framework */; };
/* End PBXBuildFile section */

/* Begin PBXFileReference section */
		2709873720DA3A5700AB47D6 /* HomeViewController.swift */ = {isa = PBXFileReference; lastKnownFileType = sourcecode.swift; path = HomeViewController.swift; sourceTree = "<group>"; };
		2709874220DA5F8000AB47D6 /* HomeGenreCell.swift */ = {isa = PBXFileReference; lastKnownFileType = sourcecode.swift; path = HomeGenreCell.swift; sourceTree = "<group>"; };
		2709874320DA5F8000AB47D6 /* HomeGenreCell.xib */ = {isa = PBXFileReference; lastKnownFileType = file.xib; path = HomeGenreCell.xib; sourceTree = "<group>"; };
		2709874620DA5FBE00AB47D6 /* HomeSongCell.swift */ = {isa = PBXFileReference; lastKnownFileType = sourcecode.swift; path = HomeSongCell.swift; sourceTree = "<group>"; };
		2709874720DA5FBE00AB47D6 /* HomeSongCell.xib */ = {isa = PBXFileReference; lastKnownFileType = file.xib; path = HomeSongCell.xib; sourceTree = "<group>"; };
		271E3A8020E21FFE00831DF7 /* PlayerViewController.swift */ = {isa = PBXFileReference; lastKnownFileType = sourcecode.swift; path = PlayerViewController.swift; sourceTree = "<group>"; };
		271E3A8220E227A900831DF7 /* PlayerTableViewCell.swift */ = {isa = PBXFileReference; lastKnownFileType = sourcecode.swift; path = PlayerTableViewCell.swift; sourceTree = "<group>"; };
		271E3A8320E227A900831DF7 /* PlayerTableViewCell.xib */ = {isa = PBXFileReference; lastKnownFileType = file.xib; path = PlayerTableViewCell.xib; sourceTree = "<group>"; };
		272BF69920DC97140028AD29 /* TrackInfo.swift */ = {isa = PBXFileReference; lastKnownFileType = sourcecode.swift; path = TrackInfo.swift; sourceTree = "<group>"; };
		272BF69B20DCA7B80028AD29 /* BaseModel.swift */ = {isa = PBXFileReference; lastKnownFileType = sourcecode.swift; path = BaseModel.swift; sourceTree = "<group>"; };
		272BF6AA20DCD46F0028AD29 /* BaseError.swift */ = {isa = PBXFileReference; lastKnownFileType = sourcecode.swift; path = BaseError.swift; sourceTree = "<group>"; };
		272BF6AC20DCD4EA0028AD29 /* ErrorRespone.swift */ = {isa = PBXFileReference; lastKnownFileType = sourcecode.swift; path = ErrorRespone.swift; sourceTree = "<group>"; };
		272BF6AE20DCDA170028AD29 /* BaseResult.swift */ = {isa = PBXFileReference; lastKnownFileType = sourcecode.swift; path = BaseResult.swift; sourceTree = "<group>"; };
		272BF6B020DCDA750028AD29 /* CustomRequestAdapter.swift */ = {isa = PBXFileReference; lastKnownFileType = sourcecode.swift; path = CustomRequestAdapter.swift; sourceTree = "<group>"; };
		272BF6B220DCDD1A0028AD29 /* BaseRequest.swift */ = {isa = PBXFileReference; lastKnownFileType = sourcecode.swift; path = BaseRequest.swift; sourceTree = "<group>"; };
		272BF6B420DCE0130028AD29 /* APIService.swift */ = {isa = PBXFileReference; lastKnownFileType = sourcecode.swift; path = APIService.swift; sourceTree = "<group>"; };
		272BF6B620DCECC30028AD29 /* URLs.swift */ = {isa = PBXFileReference; lastKnownFileType = sourcecode.swift; path = URLs.swift; sourceTree = "<group>"; };
		272BF6B820DCEE1C0028AD29 /* APIKey.swift */ = {isa = PBXFileReference; lastKnownFileType = sourcecode.swift; path = APIKey.swift; sourceTree = "<group>"; };
		272BF6BA20DCEF390028AD29 /* GenreRequest.swift */ = {isa = PBXFileReference; lastKnownFileType = sourcecode.swift; path = GenreRequest.swift; sourceTree = "<group>"; };
		272BF6BC20DCF45E0028AD29 /* GenreRepository.swift */ = {isa = PBXFileReference; lastKnownFileType = sourcecode.swift; path = GenreRepository.swift; sourceTree = "<group>"; };
		275B718220DBA2CB00C1FE36 /* TrackModel.swift */ = {isa = PBXFileReference; lastKnownFileType = sourcecode.swift; path = TrackModel.swift; sourceTree = "<group>"; };
		275B718420DBA2EF00C1FE36 /* GenreModel.swift */ = {isa = PBXFileReference; lastKnownFileType = sourcecode.swift; path = GenreModel.swift; sourceTree = "<group>"; };
		276AC5B220E3207000431A23 /* RelatedTrackTableViewCell.swift */ = {isa = PBXFileReference; lastKnownFileType = sourcecode.swift; path = RelatedTrackTableViewCell.swift; sourceTree = "<group>"; };
		276AC5B320E3207000431A23 /* RelatedTrackTableViewCell.xib */ = {isa = PBXFileReference; lastKnownFileType = file.xib; path = RelatedTrackTableViewCell.xib; sourceTree = "<group>"; };
		276BCD4720D9F21E007E3AD7 /* SoundClound.app */ = {isa = PBXFileReference; explicitFileType = wrapper.application; includeInIndex = 0; path = SoundClound.app; sourceTree = BUILT_PRODUCTS_DIR; };
		276BCD4A20D9F21E007E3AD7 /* AppDelegate.swift */ = {isa = PBXFileReference; lastKnownFileType = sourcecode.swift; path = AppDelegate.swift; sourceTree = "<group>"; };
		276BCD4F20D9F21E007E3AD7 /* Base */ = {isa = PBXFileReference; lastKnownFileType = file.storyboard; name = Base; path = Base.lproj/Main.storyboard; sourceTree = "<group>"; };
		276BCD5120D9F21E007E3AD7 /* Assets.xcassets */ = {isa = PBXFileReference; lastKnownFileType = folder.assetcatalog; path = Assets.xcassets; sourceTree = "<group>"; };
		276BCD5420D9F21E007E3AD7 /* Base */ = {isa = PBXFileReference; lastKnownFileType = file.storyboard; name = Base; path = Base.lproj/LaunchScreen.storyboard; sourceTree = "<group>"; };
		276BCD5620D9F21E007E3AD7 /* Info.plist */ = {isa = PBXFileReference; lastKnownFileType = text.plist.xml; path = Info.plist; sourceTree = "<group>"; };
		27BF0D5520E0CD62003AD92F /* Genre.swift */ = {isa = PBXFileReference; lastKnownFileType = sourcecode.swift; path = Genre.swift; sourceTree = "<group>"; };
		27BF0D5820E1029A003AD92F /* UIViewController+.swift */ = {isa = PBXFileReference; lastKnownFileType = sourcecode.swift; path = "UIViewController+.swift"; sourceTree = "<group>"; };
		6F6A169F11C74D2ECBEDCC2F /* Pods-SoundClound.debug.xcconfig */ = {isa = PBXFileReference; includeInIndex = 1; lastKnownFileType = text.xcconfig; name = "Pods-SoundClound.debug.xcconfig"; path = "Pods/Target Support Files/Pods-SoundClound/Pods-SoundClound.debug.xcconfig"; sourceTree = "<group>"; };
		9269992E2FCEC7B40C48FBEC /* Pods_SoundClound.framework */ = {isa = PBXFileReference; explicitFileType = wrapper.framework; includeInIndex = 0; path = Pods_SoundClound.framework; sourceTree = BUILT_PRODUCTS_DIR; };
		CFE505517BF1D4417B315A0D /* Pods-SoundClound.release.xcconfig */ = {isa = PBXFileReference; includeInIndex = 1; lastKnownFileType = text.xcconfig; name = "Pods-SoundClound.release.xcconfig"; path = "Pods/Target Support Files/Pods-SoundClound/Pods-SoundClound.release.xcconfig"; sourceTree = "<group>"; };
/* End PBXFileReference section */

/* Begin PBXFrameworksBuildPhase section */
		276BCD4420D9F21E007E3AD7 /* Frameworks */ = {
			isa = PBXFrameworksBuildPhase;
			buildActionMask = 2147483647;
			files = (
				FFE6E990253A605D3267A911 /* Pods_SoundClound.framework in Frameworks */,
			);
			runOnlyForDeploymentPostprocessing = 0;
		};
/* End PBXFrameworksBuildPhase section */

/* Begin PBXGroup section */
		2709873D20DA5D2E00AB47D6 /* Scene */ = {
			isa = PBXGroup;
			children = (
				275B716E20DB778300C1FE36 /* Player */,
				2709874020DA5D4700AB47D6 /* Download */,
				2709873F20DA5D3F00AB47D6 /* Search */,
				2709873E20DA5D3A00AB47D6 /* Home */,
			);
			path = Scene;
			sourceTree = "<group>";
		};
		2709873E20DA5D3A00AB47D6 /* Home */ = {
			isa = PBXGroup;
			children = (
				2709874120DA5D5F00AB47D6 /* View */,
				2709873720DA3A5700AB47D6 /* HomeViewController.swift */,
			);
			path = Home;
			sourceTree = "<group>";
		};
		2709873F20DA5D3F00AB47D6 /* Search */ = {
			isa = PBXGroup;
			children = (
			);
			path = Search;
			sourceTree = "<group>";
		};
		2709874020DA5D4700AB47D6 /* Download */ = {
			isa = PBXGroup;
			children = (
			);
			path = Download;
			sourceTree = "<group>";
		};
		2709874120DA5D5F00AB47D6 /* View */ = {
			isa = PBXGroup;
			children = (
				2709874220DA5F8000AB47D6 /* HomeGenreCell.swift */,
				2709874320DA5F8000AB47D6 /* HomeGenreCell.xib */,
				2709874620DA5FBE00AB47D6 /* HomeSongCell.swift */,
				2709874720DA5FBE00AB47D6 /* HomeSongCell.xib */,
			);
			path = View;
			sourceTree = "<group>";
		};
		272BF69F20DCD0E40028AD29 /* Source */ = {
			isa = PBXGroup;
			children = (
				272BF6A120DCD10C0028AD29 /* Remote */,
				272BF6A020DCD0FC0028AD29 /* Local */,
			);
			path = Source;
			sourceTree = "<group>";
		};
		272BF6A020DCD0FC0028AD29 /* Local */ = {
			isa = PBXGroup;
			children = (
			);
			path = Local;
			sourceTree = "<group>";
		};
		272BF6A120DCD10C0028AD29 /* Remote */ = {
			isa = PBXGroup;
			children = (
				272BF6A320DCD1200028AD29 /* Service */,
				272BF6A220DCD1140028AD29 /* API */,
			);
			path = Remote;
			sourceTree = "<group>";
		};
		272BF6A220DCD1140028AD29 /* API */ = {
			isa = PBXGroup;
			children = (
				272BF6A720DCD2720028AD29 /* Response */,
				272BF6A620DCD26B0028AD29 /* Request */,
				272BF6A520DCD25F0028AD29 /* Middleware */,
				272BF6A420DCD2570028AD29 /* Error */,
			);
			path = API;
			sourceTree = "<group>";
		};
		272BF6A320DCD1200028AD29 /* Service */ = {
			isa = PBXGroup;
			children = (
				272BF6B420DCE0130028AD29 /* APIService.swift */,
			);
			path = Service;
			sourceTree = "<group>";
		};
		272BF6A420DCD2570028AD29 /* Error */ = {
			isa = PBXGroup;
			children = (
				272BF6AA20DCD46F0028AD29 /* BaseError.swift */,
				272BF6AC20DCD4EA0028AD29 /* ErrorRespone.swift */,
			);
			path = Error;
			sourceTree = "<group>";
		};
		272BF6A520DCD25F0028AD29 /* Middleware */ = {
			isa = PBXGroup;
			children = (
				272BF6AE20DCDA170028AD29 /* BaseResult.swift */,
				272BF6B020DCDA750028AD29 /* CustomRequestAdapter.swift */,
			);
			path = Middleware;
			sourceTree = "<group>";
		};
		272BF6A620DCD26B0028AD29 /* Request */ = {
			isa = PBXGroup;
			children = (
				272BF6B220DCDD1A0028AD29 /* BaseRequest.swift */,
				272BF6BA20DCEF390028AD29 /* GenreRequest.swift */,
			);
			path = Request;
			sourceTree = "<group>";
		};
		272BF6A720DCD2720028AD29 /* Response */ = {
			isa = PBXGroup;
			children = (
			);
			path = Response;
			sourceTree = "<group>";
		};
		272BF6A820DCD3A30028AD29 /* Data */ = {
			isa = PBXGroup;
			children = (
				275B717F20DB9AC800C1FE36 /* Model */,
				272BF69F20DCD0E40028AD29 /* Source */,
			);
			path = Data;
			sourceTree = "<group>";
		};
		272BF6A920DCD3DB0028AD29 /* Repositories */ = {
			isa = PBXGroup;
			children = (
				272BF6BC20DCF45E0028AD29 /* GenreRepository.swift */,
			);
			path = Repositories;
			sourceTree = "<group>";
		};
		275B716E20DB778300C1FE36 /* Player */ = {
			isa = PBXGroup;
			children = (
				271E3A8020E21FFE00831DF7 /* PlayerViewController.swift */,
				271E3A8220E227A900831DF7 /* PlayerTableViewCell.swift */,
				271E3A8320E227A900831DF7 /* PlayerTableViewCell.xib */,
				276AC5B220E3207000431A23 /* RelatedTrackTableViewCell.swift */,
				276AC5B320E3207000431A23 /* RelatedTrackTableViewCell.xib */,
			);
			path = Player;
			sourceTree = "<group>";
		};
		275B717F20DB9AC800C1FE36 /* Model */ = {
			isa = PBXGroup;
			children = (
				272BF69B20DCA7B80028AD29 /* BaseModel.swift */,
				27BF0D5520E0CD62003AD92F /* Genre.swift */,
				275B718420DBA2EF00C1FE36 /* GenreModel.swift */,
				272BF69920DC97140028AD29 /* TrackInfo.swift */,
				275B718220DBA2CB00C1FE36 /* TrackModel.swift */,
			);
			path = Model;
			sourceTree = "<group>";
		};
		276BCD3E20D9F21E007E3AD7 = {
			isa = PBXGroup;
			children = (
				276BCD4920D9F21E007E3AD7 /* SoundClound */,
				970F6EEB8F9D062A8FDD03DA /* Pods */,
				E1714E33CFB9693EE2E40E58 /* Frameworks */,
			);
			sourceTree = "<group>";
		};
		276BCD4820D9F21E007E3AD7 /* Products */ = {
			isa = PBXGroup;
			children = (
				276BCD4720D9F21E007E3AD7 /* SoundClound.app */,
			);
			name = Products;
			path = ..;
			sourceTree = "<group>";
		};
		276BCD4920D9F21E007E3AD7 /* SoundClound */ = {
			isa = PBXGroup;
			children = (
				27BF0D5720E1027E003AD92F /* Extensions */,
				272BF6A820DCD3A30028AD29 /* Data */,
				272BF6A920DCD3DB0028AD29 /* Repositories */,
				2709873D20DA5D2E00AB47D6 /* Scene */,
				276BCD4A20D9F21E007E3AD7 /* AppDelegate.swift */,
				272BF6B620DCECC30028AD29 /* URLs.swift */,
				272BF6B820DCEE1C0028AD29 /* APIKey.swift */,
				276BCD4820D9F21E007E3AD7 /* Products */,
				276BCD4E20D9F21E007E3AD7 /* Main.storyboard */,
				276BCD5120D9F21E007E3AD7 /* Assets.xcassets */,
				276BCD5320D9F21E007E3AD7 /* LaunchScreen.storyboard */,
				276BCD5620D9F21E007E3AD7 /* Info.plist */,
			);
			path = SoundClound;
			sourceTree = "<group>";
		};
		27BF0D5720E1027E003AD92F /* Extensions */ = {
			isa = PBXGroup;
			children = (
				27BF0D5820E1029A003AD92F /* UIViewController+.swift */,
			);
			path = Extensions;
			sourceTree = "<group>";
		};
		970F6EEB8F9D062A8FDD03DA /* Pods */ = {
			isa = PBXGroup;
			children = (
				6F6A169F11C74D2ECBEDCC2F /* Pods-SoundClound.debug.xcconfig */,
				CFE505517BF1D4417B315A0D /* Pods-SoundClound.release.xcconfig */,
			);
			name = Pods;
			sourceTree = "<group>";
		};
		E1714E33CFB9693EE2E40E58 /* Frameworks */ = {
			isa = PBXGroup;
			children = (
				9269992E2FCEC7B40C48FBEC /* Pods_SoundClound.framework */,
			);
			name = Frameworks;
			sourceTree = "<group>";
		};
/* End PBXGroup section */

/* Begin PBXNativeTarget section */
		276BCD4620D9F21E007E3AD7 /* SoundClound */ = {
			isa = PBXNativeTarget;
			buildConfigurationList = 276BCD5920D9F21E007E3AD7 /* Build configuration list for PBXNativeTarget "SoundClound" */;
			buildPhases = (
				A7A44F3AB338EA189B8E722B /* [CP] Check Pods Manifest.lock */,
				276BCD4320D9F21E007E3AD7 /* Sources */,
				276BCD4420D9F21E007E3AD7 /* Frameworks */,
				276BCD4520D9F21E007E3AD7 /* Resources */,
				2790E241E95733B1AD6636E0 /* [CP] Embed Pods Frameworks */,
			);
			buildRules = (
			);
			dependencies = (
			);
			name = SoundClound;
			productName = SoundClound;
			productReference = 276BCD4720D9F21E007E3AD7 /* SoundClound.app */;
			productType = "com.apple.product-type.application";
		};
/* End PBXNativeTarget section */

/* Begin PBXProject section */
		276BCD3F20D9F21E007E3AD7 /* Project object */ = {
			isa = PBXProject;
			attributes = {
				LastSwiftUpdateCheck = 0920;
				LastUpgradeCheck = 0920;
				ORGANIZATIONNAME = Hai;
				TargetAttributes = {
					276BCD4620D9F21E007E3AD7 = {
						CreatedOnToolsVersion = 9.2;
						ProvisioningStyle = Automatic;
					};
				};
			};
			buildConfigurationList = 276BCD4220D9F21E007E3AD7 /* Build configuration list for PBXProject "SoundClound" */;
			compatibilityVersion = "Xcode 8.0";
			developmentRegion = en;
			hasScannedForEncodings = 0;
			knownRegions = (
				en,
				Base,
			);
			mainGroup = 276BCD3E20D9F21E007E3AD7;
			productRefGroup = 276BCD4820D9F21E007E3AD7 /* Products */;
			projectDirPath = "";
			projectRoot = "";
			targets = (
				276BCD4620D9F21E007E3AD7 /* SoundClound */,
			);
		};
/* End PBXProject section */

/* Begin PBXResourcesBuildPhase section */
		276BCD4520D9F21E007E3AD7 /* Resources */ = {
			isa = PBXResourcesBuildPhase;
			buildActionMask = 2147483647;
			files = (
				271E3A8520E227A900831DF7 /* PlayerTableViewCell.xib in Resources */,
				2709874520DA5F8000AB47D6 /* HomeGenreCell.xib in Resources */,
				276BCD5520D9F21E007E3AD7 /* LaunchScreen.storyboard in Resources */,
				276BCD5220D9F21E007E3AD7 /* Assets.xcassets in Resources */,
				2709874920DA5FBE00AB47D6 /* HomeSongCell.xib in Resources */,
				276BCD5020D9F21E007E3AD7 /* Main.storyboard in Resources */,
				276AC5B520E3207000431A23 /* RelatedTrackTableViewCell.xib in Resources */,
			);
			runOnlyForDeploymentPostprocessing = 0;
		};
/* End PBXResourcesBuildPhase section */

/* Begin PBXShellScriptBuildPhase section */
		2790E241E95733B1AD6636E0 /* [CP] Embed Pods Frameworks */ = {
			isa = PBXShellScriptBuildPhase;
			buildActionMask = 2147483647;
			files = (
			);
			inputPaths = (
				"${SRCROOT}/Pods/Target Support Files/Pods-SoundClound/Pods-SoundClound-frameworks.sh",
				"${BUILT_PRODUCTS_DIR}/Alamofire/Alamofire.framework",
				"${BUILT_PRODUCTS_DIR}/AlamofireObjectMapper/AlamofireObjectMapper.framework",
				"${BUILT_PRODUCTS_DIR}/MarqueeLabel/MarqueeLabel.framework",
				"${BUILT_PRODUCTS_DIR}/ObjectMapper/ObjectMapper.framework",
				"${BUILT_PRODUCTS_DIR}/Reusable/Reusable.framework",
				"${BUILT_PRODUCTS_DIR}/SDWebImage/SDWebImage.framework",
			);
			name = "[CP] Embed Pods Frameworks";
			outputPaths = (
				"${TARGET_BUILD_DIR}/${FRAMEWORKS_FOLDER_PATH}/Alamofire.framework",
				"${TARGET_BUILD_DIR}/${FRAMEWORKS_FOLDER_PATH}/AlamofireObjectMapper.framework",
				"${TARGET_BUILD_DIR}/${FRAMEWORKS_FOLDER_PATH}/MarqueeLabel.framework",
				"${TARGET_BUILD_DIR}/${FRAMEWORKS_FOLDER_PATH}/ObjectMapper.framework",
				"${TARGET_BUILD_DIR}/${FRAMEWORKS_FOLDER_PATH}/Reusable.framework",
				"${TARGET_BUILD_DIR}/${FRAMEWORKS_FOLDER_PATH}/SDWebImage.framework",
			);
			runOnlyForDeploymentPostprocessing = 0;
			shellPath = /bin/sh;
			shellScript = "\"${SRCROOT}/Pods/Target Support Files/Pods-SoundClound/Pods-SoundClound-frameworks.sh\"\n";
			showEnvVarsInLog = 0;
		};
		A7A44F3AB338EA189B8E722B /* [CP] Check Pods Manifest.lock */ = {
			isa = PBXShellScriptBuildPhase;
			buildActionMask = 2147483647;
			files = (
			);
			inputPaths = (
				"${PODS_PODFILE_DIR_PATH}/Podfile.lock",
				"${PODS_ROOT}/Manifest.lock",
			);
			name = "[CP] Check Pods Manifest.lock";
			outputPaths = (
				"$(DERIVED_FILE_DIR)/Pods-SoundClound-checkManifestLockResult.txt",
			);
			runOnlyForDeploymentPostprocessing = 0;
			shellPath = /bin/sh;
			shellScript = "diff \"${PODS_PODFILE_DIR_PATH}/Podfile.lock\" \"${PODS_ROOT}/Manifest.lock\" > /dev/null\nif [ $? != 0 ] ; then\n    # print error to STDERR\n    echo \"error: The sandbox is not in sync with the Podfile.lock. Run 'pod install' or update your CocoaPods installation.\" >&2\n    exit 1\nfi\n# This output is used by Xcode 'outputs' to avoid re-running this script phase.\necho \"SUCCESS\" > \"${SCRIPT_OUTPUT_FILE_0}\"\n";
			showEnvVarsInLog = 0;
		};
/* End PBXShellScriptBuildPhase section */

/* Begin PBXSourcesBuildPhase section */
		276BCD4320D9F21E007E3AD7 /* Sources */ = {
			isa = PBXSourcesBuildPhase;
			buildActionMask = 2147483647;
			files = (
				272BF69C20DCA7B80028AD29 /* BaseModel.swift in Sources */,
				272BF6B520DCE0130028AD29 /* APIService.swift in Sources */,
				27BF0D5920E1029A003AD92F /* UIViewController+.swift in Sources */,
				272BF69A20DC97140028AD29 /* TrackInfo.swift in Sources */,
				276BCD4B20D9F21E007E3AD7 /* AppDelegate.swift in Sources */,
				276AC5B420E3207000431A23 /* RelatedTrackTableViewCell.swift in Sources */,
				272BF6BD20DCF45E0028AD29 /* GenreRepository.swift in Sources */,
				2709874820DA5FBE00AB47D6 /* HomeSongCell.swift in Sources */,
				2709874420DA5F8000AB47D6 /* HomeGenreCell.swift in Sources */,
				272BF6AF20DCDA170028AD29 /* BaseResult.swift in Sources */,
				272BF6AD20DCD4EA0028AD29 /* ErrorRespone.swift in Sources */,
				2709873820DA3A5700AB47D6 /* HomeViewController.swift in Sources */,
				27BF0D5620E0CD62003AD92F /* Genre.swift in Sources */,
				271E3A8420E227A900831DF7 /* PlayerTableViewCell.swift in Sources */,
				275B718520DBA2EF00C1FE36 /* GenreModel.swift in Sources */,
				272BF6B720DCECC30028AD29 /* URLs.swift in Sources */,
				272BF6B320DCDD1A0028AD29 /* BaseRequest.swift in Sources */,
				272BF6BB20DCEF390028AD29 /* GenreRequest.swift in Sources */,
				275B718320DBA2CB00C1FE36 /* TrackModel.swift in Sources */,
				271E3A8120E21FFE00831DF7 /* PlayerViewController.swift in Sources */,
				272BF6B120DCDA750028AD29 /* CustomRequestAdapter.swift in Sources */,
				272BF6AB20DCD46F0028AD29 /* BaseError.swift in Sources */,
				272BF6B920DCEE1C0028AD29 /* APIKey.swift in Sources */,
			);
			runOnlyForDeploymentPostprocessing = 0;
		};
/* End PBXSourcesBuildPhase section */

/* Begin PBXVariantGroup section */
		276BCD4E20D9F21E007E3AD7 /* Main.storyboard */ = {
			isa = PBXVariantGroup;
			children = (
				276BCD4F20D9F21E007E3AD7 /* Base */,
			);
			name = Main.storyboard;
			sourceTree = "<group>";
		};
		276BCD5320D9F21E007E3AD7 /* LaunchScreen.storyboard */ = {
			isa = PBXVariantGroup;
			children = (
				276BCD5420D9F21E007E3AD7 /* Base */,
			);
			name = LaunchScreen.storyboard;
			sourceTree = "<group>";
		};
/* End PBXVariantGroup section */

/* Begin XCBuildConfiguration section */
		276BCD5720D9F21E007E3AD7 /* Debug */ = {
			isa = XCBuildConfiguration;
			buildSettings = {
				ALWAYS_SEARCH_USER_PATHS = NO;
				CLANG_ANALYZER_NONNULL = YES;
				CLANG_ANALYZER_NUMBER_OBJECT_CONVERSION = YES_AGGRESSIVE;
				CLANG_CXX_LANGUAGE_STANDARD = "gnu++14";
				CLANG_CXX_LIBRARY = "libc++";
				CLANG_ENABLE_MODULES = YES;
				CLANG_ENABLE_OBJC_ARC = YES;
				CLANG_WARN_BLOCK_CAPTURE_AUTORELEASING = YES;
				CLANG_WARN_BOOL_CONVERSION = YES;
				CLANG_WARN_COMMA = YES;
				CLANG_WARN_CONSTANT_CONVERSION = YES;
				CLANG_WARN_DIRECT_OBJC_ISA_USAGE = YES_ERROR;
				CLANG_WARN_DOCUMENTATION_COMMENTS = YES;
				CLANG_WARN_EMPTY_BODY = YES;
				CLANG_WARN_ENUM_CONVERSION = YES;
				CLANG_WARN_INFINITE_RECURSION = YES;
				CLANG_WARN_INT_CONVERSION = YES;
				CLANG_WARN_NON_LITERAL_NULL_CONVERSION = YES;
				CLANG_WARN_OBJC_LITERAL_CONVERSION = YES;
				CLANG_WARN_OBJC_ROOT_CLASS = YES_ERROR;
				CLANG_WARN_RANGE_LOOP_ANALYSIS = YES;
				CLANG_WARN_STRICT_PROTOTYPES = YES;
				CLANG_WARN_SUSPICIOUS_MOVE = YES;
				CLANG_WARN_UNGUARDED_AVAILABILITY = YES_AGGRESSIVE;
				CLANG_WARN_UNREACHABLE_CODE = YES;
				CLANG_WARN__DUPLICATE_METHOD_MATCH = YES;
				CODE_SIGN_IDENTITY = "iPhone Developer";
				COPY_PHASE_STRIP = NO;
				DEBUG_INFORMATION_FORMAT = dwarf;
				ENABLE_STRICT_OBJC_MSGSEND = YES;
				ENABLE_TESTABILITY = YES;
				GCC_C_LANGUAGE_STANDARD = gnu11;
				GCC_DYNAMIC_NO_PIC = NO;
				GCC_NO_COMMON_BLOCKS = YES;
				GCC_OPTIMIZATION_LEVEL = 0;
				GCC_PREPROCESSOR_DEFINITIONS = (
					"DEBUG=1",
					"$(inherited)",
				);
				GCC_WARN_64_TO_32_BIT_CONVERSION = YES;
				GCC_WARN_ABOUT_RETURN_TYPE = YES_ERROR;
				GCC_WARN_UNDECLARED_SELECTOR = YES;
				GCC_WARN_UNINITIALIZED_AUTOS = YES_AGGRESSIVE;
				GCC_WARN_UNUSED_FUNCTION = YES;
				GCC_WARN_UNUSED_VARIABLE = YES;
				IPHONEOS_DEPLOYMENT_TARGET = 11.2;
				MTL_ENABLE_DEBUG_INFO = YES;
				ONLY_ACTIVE_ARCH = YES;
				SDKROOT = iphoneos;
				SWIFT_ACTIVE_COMPILATION_CONDITIONS = DEBUG;
				SWIFT_OPTIMIZATION_LEVEL = "-Onone";
			};
			name = Debug;
		};
		276BCD5820D9F21E007E3AD7 /* Release */ = {
			isa = XCBuildConfiguration;
			buildSettings = {
				ALWAYS_SEARCH_USER_PATHS = NO;
				CLANG_ANALYZER_NONNULL = YES;
				CLANG_ANALYZER_NUMBER_OBJECT_CONVERSION = YES_AGGRESSIVE;
				CLANG_CXX_LANGUAGE_STANDARD = "gnu++14";
				CLANG_CXX_LIBRARY = "libc++";
				CLANG_ENABLE_MODULES = YES;
				CLANG_ENABLE_OBJC_ARC = YES;
				CLANG_WARN_BLOCK_CAPTURE_AUTORELEASING = YES;
				CLANG_WARN_BOOL_CONVERSION = YES;
				CLANG_WARN_COMMA = YES;
				CLANG_WARN_CONSTANT_CONVERSION = YES;
				CLANG_WARN_DIRECT_OBJC_ISA_USAGE = YES_ERROR;
				CLANG_WARN_DOCUMENTATION_COMMENTS = YES;
				CLANG_WARN_EMPTY_BODY = YES;
				CLANG_WARN_ENUM_CONVERSION = YES;
				CLANG_WARN_INFINITE_RECURSION = YES;
				CLANG_WARN_INT_CONVERSION = YES;
				CLANG_WARN_NON_LITERAL_NULL_CONVERSION = YES;
				CLANG_WARN_OBJC_LITERAL_CONVERSION = YES;
				CLANG_WARN_OBJC_ROOT_CLASS = YES_ERROR;
				CLANG_WARN_RANGE_LOOP_ANALYSIS = YES;
				CLANG_WARN_STRICT_PROTOTYPES = YES;
				CLANG_WARN_SUSPICIOUS_MOVE = YES;
				CLANG_WARN_UNGUARDED_AVAILABILITY = YES_AGGRESSIVE;
				CLANG_WARN_UNREACHABLE_CODE = YES;
				CLANG_WARN__DUPLICATE_METHOD_MATCH = YES;
				CODE_SIGN_IDENTITY = "iPhone Developer";
				COPY_PHASE_STRIP = NO;
				DEBUG_INFORMATION_FORMAT = "dwarf-with-dsym";
				ENABLE_NS_ASSERTIONS = NO;
				ENABLE_STRICT_OBJC_MSGSEND = YES;
				GCC_C_LANGUAGE_STANDARD = gnu11;
				GCC_NO_COMMON_BLOCKS = YES;
				GCC_WARN_64_TO_32_BIT_CONVERSION = YES;
				GCC_WARN_ABOUT_RETURN_TYPE = YES_ERROR;
				GCC_WARN_UNDECLARED_SELECTOR = YES;
				GCC_WARN_UNINITIALIZED_AUTOS = YES_AGGRESSIVE;
				GCC_WARN_UNUSED_FUNCTION = YES;
				GCC_WARN_UNUSED_VARIABLE = YES;
				IPHONEOS_DEPLOYMENT_TARGET = 11.2;
				MTL_ENABLE_DEBUG_INFO = NO;
				SDKROOT = iphoneos;
				SWIFT_OPTIMIZATION_LEVEL = "-Owholemodule";
				VALIDATE_PRODUCT = YES;
			};
			name = Release;
		};
		276BCD5A20D9F21E007E3AD7 /* Debug */ = {
			isa = XCBuildConfiguration;
			baseConfigurationReference = 6F6A169F11C74D2ECBEDCC2F /* Pods-SoundClound.debug.xcconfig */;
			buildSettings = {
				ASSETCATALOG_COMPILER_APPICON_NAME = AppIcon;
				CODE_SIGN_STYLE = Automatic;
				INFOPLIST_FILE = SoundClound/Info.plist;
				LD_RUNPATH_SEARCH_PATHS = "$(inherited) @executable_path/Frameworks";
				PRODUCT_BUNDLE_IDENTIFIER = Practice.SoundClound;
				PRODUCT_NAME = "$(TARGET_NAME)";
				SWIFT_VERSION = 4.0;
				TARGETED_DEVICE_FAMILY = "1,2";
			};
			name = Debug;
		};
		276BCD5B20D9F21E007E3AD7 /* Release */ = {
			isa = XCBuildConfiguration;
			baseConfigurationReference = CFE505517BF1D4417B315A0D /* Pods-SoundClound.release.xcconfig */;
			buildSettings = {
				ASSETCATALOG_COMPILER_APPICON_NAME = AppIcon;
				CODE_SIGN_STYLE = Automatic;
				INFOPLIST_FILE = SoundClound/Info.plist;
				LD_RUNPATH_SEARCH_PATHS = "$(inherited) @executable_path/Frameworks";
				PRODUCT_BUNDLE_IDENTIFIER = Practice.SoundClound;
				PRODUCT_NAME = "$(TARGET_NAME)";
				SWIFT_VERSION = 4.0;
				TARGETED_DEVICE_FAMILY = "1,2";
			};
			name = Release;
		};
/* End XCBuildConfiguration section */

/* Begin XCConfigurationList section */
		276BCD4220D9F21E007E3AD7 /* Build configuration list for PBXProject "SoundClound" */ = {
			isa = XCConfigurationList;
			buildConfigurations = (
				276BCD5720D9F21E007E3AD7 /* Debug */,
				276BCD5820D9F21E007E3AD7 /* Release */,
			);
			defaultConfigurationIsVisible = 0;
			defaultConfigurationName = Release;
		};
		276BCD5920D9F21E007E3AD7 /* Build configuration list for PBXNativeTarget "SoundClound" */ = {
			isa = XCConfigurationList;
			buildConfigurations = (
				276BCD5A20D9F21E007E3AD7 /* Debug */,
				276BCD5B20D9F21E007E3AD7 /* Release */,
			);
			defaultConfigurationIsVisible = 0;
			defaultConfigurationName = Release;
		};
/* End XCConfigurationList section */
	};
	rootObject = 276BCD3F20D9F21E007E3AD7 /* Project object */;
}
